
Microsoft Visual Studio Solution File, Format Version 12.00
# Visual Studio 15
VisualStudioVersion = 15.0.28307.329
MinimumVisualStudioVersion = 10.0.40219.1
Project("{2150E333-8FDC-42A3-9474-1A3956D46DE8}") = "Week1", "Week1", "{6231C2F5-6396-428E-926B-6A4DA5FB6C16}"
EndProject
Project("{2150E333-8FDC-42A3-9474-1A3956D46DE8}") = "Week2", "Week2", "{A0DC7691-6E0D-4829-B133-EE915A00D118}"
EndProject
Project("{FAE04EC0-301F-11D3-BF4B-00C04F79EFBC}") = "DataTypes and Variables", "DataTypes and Variables\DataTypes and Variables.csproj", "{B9B24846-2FB7-48AE-9901-B0862F6C1284}"
EndProject
Project("{FAE04EC0-301F-11D3-BF4B-00C04F79EFBC}") = "If Decision Statement", "If Decision Statement\If Decision Statement.csproj", "{65EE8484-E4F6-4C0C-8988-BC4A4EB48D49}"
EndProject
Project("{FAE04EC0-301F-11D3-BF4B-00C04F79EFBC}") = "For Iteration", "For Iteration\For Iteration.csproj", "{076DF19C-8614-4E1C-A2C7-92947D2659DD}"
EndProject
Project("{FAE04EC0-301F-11D3-BF4B-00C04F79EFBC}") = "Arrays", "Arrays\Arrays.csproj", "{FE354C28-1B81-47CA-A254-F9DA8601AD8F}"
EndProject
Project("{FAE04EC0-301F-11D3-BF4B-00C04F79EFBC}") = "SimpleMethod", "SimpleMethod\SimpleMethod.csproj", "{501C8630-87A8-440C-96DE-35329083114E}"
EndProject
Project("{FAE04EC0-301F-11D3-BF4B-00C04F79EFBC}") = "WhileIteration", "WhileIteration\WhileIteration.csproj", "{E5BEFFD8-EE80-499E-BE23-8369C56F26A9}"
EndProject
Project("{FAE04EC0-301F-11D3-BF4B-00C04F79EFBC}") = "WorkingWithStrings", "WorkingWithStrings\WorkingWithStrings.csproj", "{F7D9DE4A-482D-4E9D-A303-95C7686F932A}"
EndProject
Project("{FAE04EC0-301F-11D3-BF4B-00C04F79EFBC}") = "DatesAndTimes", "DatesAndTimes\DatesAndTimes.csproj", "{76CA0869-0438-4DD9-A294-006CF9B8FFC5}"
EndProject
Project("{FAE04EC0-301F-11D3-BF4B-00C04F79EFBC}") = "SimpleClasses", "SimpleClasses\SimpleClasses.csproj", "{DAA56D40-8ED9-4CBB-AFFC-4B221C062840}"
EndProject
Project("{FAE04EC0-301F-11D3-BF4B-00C04F79EFBC}") = "HTML5 and CSS3", "HTML5 and CSS3\HTML5 and CSS3.csproj", "{2E2FB63E-ACC7-4792-9C5B-816B9EE8ADF5}"
EndProject
Project("{FAE04EC0-301F-11D3-BF4B-00C04F79EFBC}") = "ObjectLifetime", "ObjectLifetime\ObjectLifetime.csproj", "{737F6200-887C-4808-8747-742AE9481699}"
EndProject
Project("{FAE04EC0-301F-11D3-BF4B-00C04F79EFBC}") = "UnderstandingScope", "UnderstandingScope\UnderstandingScope.csproj", "{0E3928F3-8EAA-44F9-8D71-F00BA42E977D}"
EndProject
Project("{FAE04EC0-301F-11D3-BF4B-00C04F79EFBC}") = "AssambliesAndNamespaces", "AssambliesAndNamespaces\AssambliesAndNamespaces.csproj", "{372A93D6-CC1A-4085-9870-5D1C2D8B925B}"
EndProject
Project("{FAE04EC0-301F-11D3-BF4B-00C04F79EFBC}") = "ConsoleApplication2", "ConsoleApplication2\ConsoleApplication2.csproj", "{5D63824E-1B6A-4C1B-8BF4-760EFABD0366}"
EndProject
Project("{FAE04EC0-301F-11D3-BF4B-00C04F79EFBC}") = "WorkingWithCollections", "WorkingWithCollections\WorkingWithCollections.csproj", "{C425F447-75A3-49D9-924F-5546AC8F545A}"
EndProject
Project("{FAE04EC0-301F-11D3-BF4B-00C04F79EFBC}") = "UnderstandingLINQ", "UnderstandingLINQ\UnderstandingLINQ.csproj", "{9652E655-B2B7-455F-B667-1928310C223C}"
EndProject
Global
	GlobalSection(SolutionConfigurationPlatforms) = preSolution
		Debug|Any CPU = Debug|Any CPU
		Release|Any CPU = Release|Any CPU
	EndGlobalSection
	GlobalSection(ProjectConfigurationPlatforms) = postSolution
		{B9B24846-2FB7-48AE-9901-B0862F6C1284}.Debug|Any CPU.ActiveCfg = Debug|Any CPU
		{B9B24846-2FB7-48AE-9901-B0862F6C1284}.Debug|Any CPU.Build.0 = Debug|Any CPU
		{B9B24846-2FB7-48AE-9901-B0862F6C1284}.Release|Any CPU.ActiveCfg = Release|Any CPU
		{B9B24846-2FB7-48AE-9901-B0862F6C1284}.Release|Any CPU.Build.0 = Release|Any CPU
		{65EE8484-E4F6-4C0C-8988-BC4A4EB48D49}.Debug|Any CPU.ActiveCfg = Debug|Any CPU
		{65EE8484-E4F6-4C0C-8988-BC4A4EB48D49}.Debug|Any CPU.Build.0 = Debug|Any CPU
		{65EE8484-E4F6-4C0C-8988-BC4A4EB48D49}.Release|Any CPU.ActiveCfg = Release|Any CPU
		{65EE8484-E4F6-4C0C-8988-BC4A4EB48D49}.Release|Any CPU.Build.0 = Release|Any CPU
		{076DF19C-8614-4E1C-A2C7-92947D2659DD}.Debug|Any CPU.ActiveCfg = Debug|Any CPU
		{076DF19C-8614-4E1C-A2C7-92947D2659DD}.Debug|Any CPU.Build.0 = Debug|Any CPU
		{076DF19C-8614-4E1C-A2C7-92947D2659DD}.Release|Any CPU.ActiveCfg = Release|Any CPU
		{076DF19C-8614-4E1C-A2C7-92947D2659DD}.Release|Any CPU.Build.0 = Release|Any CPU
		{FE354C28-1B81-47CA-A254-F9DA8601AD8F}.Debug|Any CPU.ActiveCfg = Debug|Any CPU
		{FE354C28-1B81-47CA-A254-F9DA8601AD8F}.Debug|Any CPU.Build.0 = Debug|Any CPU
		{FE354C28-1B81-47CA-A254-F9DA8601AD8F}.Release|Any CPU.ActiveCfg = Release|Any CPU
		{FE354C28-1B81-47CA-A254-F9DA8601AD8F}.Release|Any CPU.Build.0 = Release|Any CPU
		{501C8630-87A8-440C-96DE-35329083114E}.Debug|Any CPU.ActiveCfg = Debug|Any CPU
		{501C8630-87A8-440C-96DE-35329083114E}.Debug|Any CPU.Build.0 = Debug|Any CPU
		{501C8630-87A8-440C-96DE-35329083114E}.Release|Any CPU.ActiveCfg = Release|Any CPU
		{501C8630-87A8-440C-96DE-35329083114E}.Release|Any CPU.Build.0 = Release|Any CPU
		{E5BEFFD8-EE80-499E-BE23-8369C56F26A9}.Debug|Any CPU.ActiveCfg = Debug|Any CPU
		{E5BEFFD8-EE80-499E-BE23-8369C56F26A9}.Debug|Any CPU.Build.0 = Debug|Any CPU
		{E5BEFFD8-EE80-499E-BE23-8369C56F26A9}.Release|Any CPU.ActiveCfg = Release|Any CPU
		{E5BEFFD8-EE80-499E-BE23-8369C56F26A9}.Release|Any CPU.Build.0 = Release|Any CPU
		{F7D9DE4A-482D-4E9D-A303-95C7686F932A}.Debug|Any CPU.ActiveCfg = Debug|Any CPU
		{F7D9DE4A-482D-4E9D-A303-95C7686F932A}.Debug|Any CPU.Build.0 = Debug|Any CPU
		{F7D9DE4A-482D-4E9D-A303-95C7686F932A}.Release|Any CPU.ActiveCfg = Release|Any CPU
		{F7D9DE4A-482D-4E9D-A303-95C7686F932A}.Release|Any CPU.Build.0 = Release|Any CPU
		{76CA0869-0438-4DD9-A294-006CF9B8FFC5}.Debug|Any CPU.ActiveCfg = Debug|Any CPU
		{76CA0869-0438-4DD9-A294-006CF9B8FFC5}.Debug|Any CPU.Build.0 = Debug|Any CPU
		{76CA0869-0438-4DD9-A294-006CF9B8FFC5}.Release|Any CPU.ActiveCfg = Release|Any CPU
		{76CA0869-0438-4DD9-A294-006CF9B8FFC5}.Release|Any CPU.Build.0 = Release|Any CPU
		{DAA56D40-8ED9-4CBB-AFFC-4B221C062840}.Debug|Any CPU.ActiveCfg = Debug|Any CPU
		{DAA56D40-8ED9-4CBB-AFFC-4B221C062840}.Debug|Any CPU.Build.0 = Debug|Any CPU
		{DAA56D40-8ED9-4CBB-AFFC-4B221C062840}.Release|Any CPU.ActiveCfg = Release|Any CPU
		{DAA56D40-8ED9-4CBB-AFFC-4B221C062840}.Release|Any CPU.Build.0 = Release|Any CPU
		{2E2FB63E-ACC7-4792-9C5B-816B9EE8ADF5}.Debug|Any CPU.ActiveCfg = Debug|Any CPU
		{2E2FB63E-ACC7-4792-9C5B-816B9EE8ADF5}.Debug|Any CPU.Build.0 = Debug|Any CPU
		{2E2FB63E-ACC7-4792-9C5B-816B9EE8ADF5}.Release|Any CPU.ActiveCfg = Release|Any CPU
		{2E2FB63E-ACC7-4792-9C5B-816B9EE8ADF5}.Release|Any CPU.Build.0 = Release|Any CPU
		{737F6200-887C-4808-8747-742AE9481699}.Debug|Any CPU.ActiveCfg = Debug|Any CPU
		{737F6200-887C-4808-8747-742AE9481699}.Debug|Any CPU.Build.0 = Debug|Any CPU
		{737F6200-887C-4808-8747-742AE9481699}.Release|Any CPU.ActiveCfg = Release|Any CPU
		{737F6200-887C-4808-8747-742AE9481699}.Release|Any CPU.Build.0 = Release|Any CPU
		{0E3928F3-8EAA-44F9-8D71-F00BA42E977D}.Debug|Any CPU.ActiveCfg = Debug|Any CPU
		{0E3928F3-8EAA-44F9-8D71-F00BA42E977D}.Debug|Any CPU.Build.0 = Debug|Any CPU
		{0E3928F3-8EAA-44F9-8D71-F00BA42E977D}.Release|Any CPU.ActiveCfg = Release|Any CPU
		{0E3928F3-8EAA-44F9-8D71-F00BA42E977D}.Release|Any CPU.Build.0 = Release|Any CPU
		{372A93D6-CC1A-4085-9870-5D1C2D8B925B}.Debug|Any CPU.ActiveCfg = Debug|Any CPU
		{372A93D6-CC1A-4085-9870-5D1C2D8B925B}.Debug|Any CPU.Build.0 = Debug|Any CPU
		{372A93D6-CC1A-4085-9870-5D1C2D8B925B}.Release|Any CPU.ActiveCfg = Release|Any CPU
		{372A93D6-CC1A-4085-9870-5D1C2D8B925B}.Release|Any CPU.Build.0 = Release|Any CPU
		{5D63824E-1B6A-4C1B-8BF4-760EFABD0366}.Debug|Any CPU.ActiveCfg = Debug|Any CPU
		{5D63824E-1B6A-4C1B-8BF4-760EFABD0366}.Debug|Any CPU.Build.0 = Debug|Any CPU
		{5D63824E-1B6A-4C1B-8BF4-760EFABD0366}.Release|Any CPU.ActiveCfg = Release|Any CPU
		{5D63824E-1B6A-4C1B-8BF4-760EFABD0366}.Release|Any CPU.Build.0 = Release|Any CPU
		{C425F447-75A3-49D9-924F-5546AC8F545A}.Debug|Any CPU.ActiveCfg = Debug|Any CPU
		{C425F447-75A3-49D9-924F-5546AC8F545A}.Debug|Any CPU.Build.0 = Debug|Any CPU
		{C425F447-75A3-49D9-924F-5546AC8F545A}.Release|Any CPU.ActiveCfg = Release|Any CPU
		{C425F447-75A3-49D9-924F-5546AC8F545A}.Release|Any CPU.Build.0 = Release|Any CPU
		{9652E655-B2B7-455F-B667-1928310C223C}.Debug|Any CPU.ActiveCfg = Debug|Any CPU
		{9652E655-B2B7-455F-B667-1928310C223C}.Debug|Any CPU.Build.0 = Debug|Any CPU
		{9652E655-B2B7-455F-B667-1928310C223C}.Release|Any CPU.ActiveCfg = Release|Any CPU
		{9652E655-B2B7-455F-B667-1928310C223C}.Release|Any CPU.Build.0 = Release|Any CPU
	EndGlobalSection
	GlobalSection(SolutionProperties) = preSolution
		HideSolutionNode = FALSE
	EndGlobalSection
	GlobalSection(NestedProjects) = preSolution
		{B9B24846-2FB7-48AE-9901-B0862F6C1284} = {6231C2F5-6396-428E-926B-6A4DA5FB6C16}
		{65EE8484-E4F6-4C0C-8988-BC4A4EB48D49} = {6231C2F5-6396-428E-926B-6A4DA5FB6C16}
		{076DF19C-8614-4E1C-A2C7-92947D2659DD} = {6231C2F5-6396-428E-926B-6A4DA5FB6C16}
		{FE354C28-1B81-47CA-A254-F9DA8601AD8F} = {6231C2F5-6396-428E-926B-6A4DA5FB6C16}
		{501C8630-87A8-440C-96DE-35329083114E} = {6231C2F5-6396-428E-926B-6A4DA5FB6C16}
		{E5BEFFD8-EE80-499E-BE23-8369C56F26A9} = {6231C2F5-6396-428E-926B-6A4DA5FB6C16}
		{F7D9DE4A-482D-4E9D-A303-95C7686F932A} = {6231C2F5-6396-428E-926B-6A4DA5FB6C16}
		{76CA0869-0438-4DD9-A294-006CF9B8FFC5} = {6231C2F5-6396-428E-926B-6A4DA5FB6C16}
		{DAA56D40-8ED9-4CBB-AFFC-4B221C062840} = {6231C2F5-6396-428E-926B-6A4DA5FB6C16}
		{2E2FB63E-ACC7-4792-9C5B-816B9EE8ADF5} = {A0DC7691-6E0D-4829-B133-EE915A00D118}
		{737F6200-887C-4808-8747-742AE9481699} = {6231C2F5-6396-428E-926B-6A4DA5FB6C16}
		{0E3928F3-8EAA-44F9-8D71-F00BA42E977D} = {6231C2F5-6396-428E-926B-6A4DA5FB6C16}
		{372A93D6-CC1A-4085-9870-5D1C2D8B925B} = {6231C2F5-6396-428E-926B-6A4DA5FB6C16}
		{5D63824E-1B6A-4C1B-8BF4-760EFABD0366} = {6231C2F5-6396-428E-926B-6A4DA5FB6C16}
		{C425F447-75A3-49D9-924F-5546AC8F545A} = {6231C2F5-6396-428E-926B-6A4DA5FB6C16}
		{9652E655-B2B7-455F-B667-1928310C223C} = {6231C2F5-6396-428E-926B-6A4DA5FB6C16}
	EndGlobalSection
	GlobalSection(ExtensibilityGlobals) = postSolution
		SolutionGuid = {2F775C23-753C-42B3-9AC6-44A44B98652C}
	EndGlobalSection
EndGlobal
